
Microsoft Visual Studio Solution File, Format Version 12.00
# Visual Studio Version 16
VisualStudioVersion = 16.0.29509.3
MinimumVisualStudioVersion = 10.0.40219.1
Project("{FAE04EC0-301F-11D3-BF4B-00C04F79EFBC}") = "QbyteApiExperiment", "QbyteApiExperiment\QbyteApiExperiment.csproj", "{F635DD10-BBE4-40B7-86C9-6A5D0B701515}"
EndProject
Global
	GlobalSection(SolutionConfigurationPlatforms) = preSolution
		Debug|Any CPU = Debug|Any CPU
		Release|Any CPU = Release|Any CPU
	EndGlobalSection
	GlobalSection(ProjectConfigurationPlatforms) = postSolution
		{F635DD10-BBE4-40B7-86C9-6A5D0B701515}.Debug|Any CPU.ActiveCfg = Debug|Any CPU
		{F635DD10-BBE4-40B7-86C9-6A5D0B701515}.Debug|Any CPU.Build.0 = Debug|Any CPU
		{F635DD10-BBE4-40B7-86C9-6A5D0B701515}.Release|Any CPU.ActiveCfg = Release|Any CPU
		{F635DD10-BBE4-40B7-86C9-6A5D0B701515}.Release|Any CPU.Build.0 = Release|Any CPU
	EndGlobalSection
	GlobalSection(SolutionProperties) = preSolution
		HideSolutionNode = FALSE
	EndGlobalSection
	GlobalSection(ExtensibilityGlobals) = postSolution
		SolutionGuid = {25A484E7-33A8-4A39-BA10-34F580462694}
	EndGlobalSection
EndGlobal
